#
# This file is autogenerated by pip-compile with Python 3.9
# by the following command:
#
#    pip-compile --output-file=requirements.lock requirements.in
#
aiohappyeyeballs==2.6.1
    # via aiohttp
aiohttp==3.13.3
    # via facebook-business
aiosignal==1.4.0
    # via aiohttp
annotated-doc==0.0.4
    # via typer
annotated-types==0.7.0
    # via pydantic
async-timeout==5.0.1
    # via aiohttp
attrs==26.1.0
    # via aiohttp
certifi==2026.2.25
    # via requests
charset-normalizer==3.4.6
    # via requests
click==8.1.8
    # via typer
curlify==3.0.0
    # via facebook-business
facebook-business==25.0.0
    # via -r requirements.in
frozenlist==1.8.0
    # via
    #   aiohttp
    #   aiosignal
idna==3.11
    # via
    #   requests
    #   yarl
markdown-it-py==3.0.0
    # via rich
mdurl==0.1.2
    # via markdown-it-py
multidict==6.7.1
    # via
    #   aiohttp
    #   yarl
propcache==0.4.1
    # via
    #   aiohttp
    #   yarl
pycountry==24.6.1
    # via facebook-business
pydantic==2.12.5
    # via -r requirements.in
pydantic-core==2.41.5
    # via pydantic
pygments==2.19.2
    # via rich
pyyaml==6.0.3
    # via -r requirements.in
requests==2.32.5
    # via
    #   curlify
    #   facebook-business
rich==14.3.3
    # via
    #   -r requirements.in
    #   typer
shellingham==1.5.4
    # via typer
six==1.17.0
    # via facebook-business
typer==0.23.2
    # via -r requirements.in
typing-extensions==4.15.0
    # via
    #   aiosignal
    #   multidict
    #   pydantic
    #   pydantic-core
    #   typing-inspection
typing-inspection==0.4.2
    # via pydantic
urllib3==2.6.3
    # via requests
yarl==1.22.0
    # via aiohttp
